// !$*UTF8*$!
{
	archiveVersion = 1;
	classes = {
	};
	objectVersion = 56;
	objects = {

/* Begin PBXBuildFile section */
		342AEA932DE0A91400F64F79 /* SuperKahramanSw_ftUIApp.swift in Sources */ = {isa = PBXBuildFile; fileRef = 342AEA922DE0A91400F64F79 /* SuperKahramanSw_ftUIApp.swift */; };
		342AEA952DE0A91400F64F79 /* ListeView.swift in Sources */ = {isa = PBXBuildFile; fileRef = 342AEA942DE0A91400F64F79 /* ListeView.swift */; };
		342AEA972DE0A91500F64F79 /* Assets.xcassets in Resources */ = {isa = PBXBuildFile; fileRef = 342AEA962DE0A91500F64F79 /* Assets.xcassets */; };
		342AEA9A2DE0A91500F64F79 /* Preview Assets.xcassets in Resources */ = {isa = PBXBuildFile; fileRef = 342AEA992DE0A91500F64F79 /* Preview Assets.xcassets */; };
		342AEAA12DE0A9C000F64F79 /* SuperKahraman.swift in Sources */ = {isa = PBXBuildFile; fileRef = 342AEAA02DE0A9C000F64F79 /* SuperKahraman.swift */; };
		34AB947A2DE496CA001618C6 /* MapView.swift in Sources */ = {isa = PBXBuildFile; fileRef = 34AB94792DE496CA001618C6 /* MapView.swift */; };
		34AB947C2DE49B03001618C6 /* DetayView.swift in Sources */ = {isa = PBXBuildFile; fileRef = 34AB947B2DE49B03001618C6 /* DetayView.swift */; };
		34AB94802DE49C79001618C6 /* OzelGorselView.swift in Sources */ = {isa = PBXBuildFile; fileRef = 34AB947F2DE49C79001618C6 /* OzelGorselView.swift */; };
		34FC8E0E2DE7492900D4B910 /* ListeRowView.swift in Sources */ = {isa = PBXBuildFile; fileRef = 34FC8E0D2DE7492900D4B910 /* ListeRowView.swift */; };
/* End PBXBuildFile section */

/* Begin PBXFileReference section */
		342AEA8F2DE0A91400F64F79 /* SuperKahramanSwıftUI.app */ = {isa = PBXFileReference; explicitFileType = wrapper.application; includeInIndex = 0; path = "SuperKahramanSwıftUI.app"; sourceTree = BUILT_PRODUCTS_DIR; };
		342AEA922DE0A91400F64F79 /* SuperKahramanSw_ftUIApp.swift */ = {isa = PBXFileReference; lastKnownFileType = sourcecode.swift; path = SuperKahramanSw_ftUIApp.swift; sourceTree = "<group>"; };
		342AEA942DE0A91400F64F79 /* ListeView.swift */ = {isa = PBXFileReference; lastKnownFileType = sourcecode.swift; path = ListeView.swift; sourceTree = "<group>"; };
		342AEA962DE0A91500F64F79 /* Assets.xcassets */ = {isa = PBXFileReference; lastKnownFileType = folder.assetcatalog; path = Assets.xcassets; sourceTree = "<group>"; };
		342AEA992DE0A91500F64F79 /* Preview Assets.xcassets */ = {isa = PBXFileReference; lastKnownFileType = folder.assetcatalog; path = "Preview Assets.xcassets"; sourceTree = "<group>"; };
		342AEAA02DE0A9C000F64F79 /* SuperKahraman.swift */ = {isa = PBXFileReference; lastKnownFileType = sourcecode.swift; path = SuperKahraman.swift; sourceTree = "<group>"; };
		34AB94792DE496CA001618C6 /* MapView.swift */ = {isa = PBXFileReference; lastKnownFileType = sourcecode.swift; path = MapView.swift; sourceTree = "<group>"; };
		34AB947B2DE49B03001618C6 /* DetayView.swift */ = {isa = PBXFileReference; lastKnownFileType = sourcecode.swift; path = DetayView.swift; sourceTree = "<group>"; };
		34AB947F2DE49C79001618C6 /* OzelGorselView.swift */ = {isa = PBXFileReference; lastKnownFileType = sourcecode.swift; path = OzelGorselView.swift; sourceTree = "<group>"; };
		34FC8E0D2DE7492900D4B910 /* ListeRowView.swift */ = {isa = PBXFileReference; lastKnownFileType = sourcecode.swift; path = ListeRowView.swift; sourceTree = "<group>"; };
/* End PBXFileReference section */

/* Begin PBXFrameworksBuildPhase section */
		342AEA8C2DE0A91400F64F79 /* Frameworks */ = {
			isa = PBXFrameworksBuildPhase;
			buildActionMask = 2147483647;
			files = (
			);
			runOnlyForDeploymentPostprocessing = 0;
		};
/* End PBXFrameworksBuildPhase section */

/* Begin PBXGroup section */
		342AEA862DE0A91400F64F79 = {
			isa = PBXGroup;
			children = (
				342AEA912DE0A91400F64F79 /* SuperKahramanSwıftUI */,
				342AEA902DE0A91400F64F79 /* Products */,
			);
			sourceTree = "<group>";
		};
		342AEA902DE0A91400F64F79 /* Products */ = {
			isa = PBXGroup;
			children = (
				342AEA8F2DE0A91400F64F79 /* SuperKahramanSwıftUI.app */,
			);
			name = Products;
			sourceTree = "<group>";
		};
		342AEA912DE0A91400F64F79 /* SuperKahramanSwıftUI */ = {
			isa = PBXGroup;
			children = (
				342AEA922DE0A91400F64F79 /* SuperKahramanSw_ftUIApp.swift */,
				342AEA942DE0A91400F64F79 /* ListeView.swift */,
				342AEA962DE0A91500F64F79 /* Assets.xcassets */,
				342AEA982DE0A91500F64F79 /* Preview Content */,
				342AEAA02DE0A9C000F64F79 /* SuperKahraman.swift */,
				34AB94792DE496CA001618C6 /* MapView.swift */,
				34AB947B2DE49B03001618C6 /* DetayView.swift */,
				34AB947F2DE49C79001618C6 /* OzelGorselView.swift */,
				34FC8E0D2DE7492900D4B910 /* ListeRowView.swift */,
			);
			path = "SuperKahramanSwıftUI";
			sourceTree = "<group>";
		};
		342AEA982DE0A91500F64F79 /* Preview Content */ = {
			isa = PBXGroup;
			children = (
				342AEA992DE0A91500F64F79 /* Preview Assets.xcassets */,
			);
			path = "Preview Content";
			sourceTree = "<group>";
		};
/* End PBXGroup section */

/* Begin PBXNativeTarget section */
		342AEA8E2DE0A91400F64F79 /* SuperKahramanSwıftUI */ = {
			isa = PBXNativeTarget;
			buildConfigurationList = 342AEA9D2DE0A91500F64F79 /* Build configuration list for PBXNativeTarget "SuperKahramanSwıftUI" */;
			buildPhases = (
				342AEA8B2DE0A91400F64F79 /* Sources */,
				342AEA8C2DE0A91400F64F79 /* Frameworks */,
				342AEA8D2DE0A91400F64F79 /* Resources */,
			);
			buildRules = (
			);
			dependencies = (
			);
			name = "SuperKahramanSwıftUI";
			productName = "SuperKahramanSwıftUI";
			productReference = 342AEA8F2DE0A91400F64F79 /* SuperKahramanSwıftUI.app */;
			productType = "com.apple.product-type.application";
		};
/* End PBXNativeTarget section */

/* Begin PBXProject section */
		342AEA872DE0A91400F64F79 /* Project object */ = {
			isa = PBXProject;
			attributes = {
				BuildIndependentTargetsInParallel = 1;
				LastSwiftUpdateCheck = 1540;
				LastUpgradeCheck = 1540;
				TargetAttributes = {
					342AEA8E2DE0A91400F64F79 = {
						CreatedOnToolsVersion = 15.4;
					};
				};
			};
			buildConfigurationList = 342AEA8A2DE0A91400F64F79 /* Build configuration list for PBXProject "SuperKahramanSwıftUI" */;
			compatibilityVersion = "Xcode 14.0";
			developmentRegion = en;
			hasScannedForEncodings = 0;
			knownRegions = (
				en,
				Base,
			);
			mainGroup = 342AEA862DE0A91400F64F79;
			productRefGroup = 342AEA902DE0A91400F64F79 /* Products */;
			projectDirPath = "";
			projectRoot = "";
			targets = (
				342AEA8E2DE0A91400F64F79 /* SuperKahramanSwıftUI */,
			);
		};
/* End PBXProject section */

/* Begin PBXResourcesBuildPhase section */
		342AEA8D2DE0A91400F64F79 /* Resources */ = {
			isa = PBXResourcesBuildPhase;
			buildActionMask = 2147483647;
			files = (
				342AEA9A2DE0A91500F64F79 /* Preview Assets.xcassets in Resources */,
				342AEA972DE0A91500F64F79 /* Assets.xcassets in Resources */,
			);
			runOnlyForDeploymentPostprocessing = 0;
		};
/* End PBXResourcesBuildPhase section */

/* Begin PBXSourcesBuildPhase section */
		342AEA8B2DE0A91400F64F79 /* Sources */ = {
			isa = PBXSourcesBuildPhase;
			buildActionMask = 2147483647;
			files = (
				34AB94802DE49C79001618C6 /* OzelGorselView.swift in Sources */,
				34AB947C2DE49B03001618C6 /* DetayView.swift in Sources */,
				342AEA952DE0A91400F64F79 /* ListeView.swift in Sources */,
				34FC8E0E2DE7492900D4B910 /* ListeRowView.swift in Sources */,
				34AB947A2DE496CA001618C6 /* MapView.swift in Sources */,
				342AEA932DE0A91400F64F79 /* SuperKahramanSw_ftUIApp.swift in Sources */,
				342AEAA12DE0A9C000F64F79 /* SuperKahraman.swift in Sources */,
			);
			runOnlyForDeploymentPostprocessing = 0;
		};
/* End PBXSourcesBuildPhase section */

/* Begin XCBuildConfiguration section */
		342AEA9B2DE0A91500F64F79 /* Debug */ = {
			isa = XCBuildConfiguration;
			buildSettings = {
				ALWAYS_SEARCH_USER_PATHS = NO;
				ASSETCATALOG_COMPILER_GENERATE_SWIFT_ASSET_SYMBOL_EXTENSIONS = YES;
				CLANG_ANALYZER_NONNULL = YES;
				CLANG_ANALYZER_NUMBER_OBJECT_CONVERSION = YES_AGGRESSIVE;
				CLANG_CXX_LANGUAGE_STANDARD = "gnu++20";
				CLANG_ENABLE_MODULES = YES;
				CLANG_ENABLE_OBJC_ARC = YES;
				CLANG_ENABLE_OBJC_WEAK = YES;
				CLANG_WARN_BLOCK_CAPTURE_AUTORELEASING = YES;
				CLANG_WARN_BOOL_CONVERSION = YES;
				CLANG_WARN_COMMA = YES;
				CLANG_WARN_CONSTANT_CONVERSION = YES;
				CLANG_WARN_DEPRECATED_OBJC_IMPLEMENTATIONS = YES;
				CLANG_WARN_DIRECT_OBJC_ISA_USAGE = YES_ERROR;
				CLANG_WARN_DOCUMENTATION_COMMENTS = YES;
				CLANG_WARN_EMPTY_BODY = YES;
				CLANG_WARN_ENUM_CONVERSION = YES;
				CLANG_WARN_INFINITE_RECURSION = YES;
				CLANG_WARN_INT_CONVERSION = YES;
				CLANG_WARN_NON_LITERAL_NULL_CONVERSION = YES;
				CLANG_WARN_OBJC_IMPLICIT_RETAIN_SELF = YES;
				CLANG_WARN_OBJC_LITERAL_CONVERSION = YES;
				CLANG_WARN_OBJC_ROOT_CLASS = YES_ERROR;
				CLANG_WARN_QUOTED_INCLUDE_IN_FRAMEWORK_HEADER = YES;
				CLANG_WARN_RANGE_LOOP_ANALYSIS = YES;
				CLANG_WARN_STRICT_PROTOTYPES = YES;
				CLANG_WARN_SUSPICIOUS_MOVE = YES;
				CLANG_WARN_UNGUARDED_AVAILABILITY = YES_AGGRESSIVE;
				CLANG_WARN_UNREACHABLE_CODE = YES;
				CLANG_WARN__DUPLICATE_METHOD_MATCH = YES;
				COPY_PHASE_STRIP = NO;
				DEBUG_INFORMATION_FORMAT = dwarf;
				ENABLE_STRICT_OBJC_MSGSEND = YES;
				ENABLE_TESTABILITY = YES;
				ENABLE_USER_SCRIPT_SANDBOXING = YES;
				GCC_C_LANGUAGE_STANDARD = gnu17;
				GCC_DYNAMIC_NO_PIC = NO;
				GCC_NO_COMMON_BLOCKS = YES;
				GCC_OPTIMIZATION_LEVEL = 0;
				GCC_PREPROCESSOR_DEFINITIONS = (
					"DEBUG=1",
					"$(inherited)",
				);
				GCC_WARN_64_TO_32_BIT_CONVERSION = YES;
				GCC_WARN_ABOUT_RETURN_TYPE = YES_ERROR;
				GCC_WARN_UNDECLARED_SELECTOR = YES;
				GCC_WARN_UNINITIALIZED_AUTOS = YES_AGGRESSIVE;
				GCC_WARN_UNUSED_FUNCTION = YES;
				GCC_WARN_UNUSED_VARIABLE = YES;
				IPHONEOS_DEPLOYMENT_TARGET = 17.5;
				LOCALIZATION_PREFERS_STRING_CATALOGS = YES;
				MTL_ENABLE_DEBUG_INFO = INCLUDE_SOURCE;
				MTL_FAST_MATH = YES;
				ONLY_ACTIVE_ARCH = YES;
				SDKROOT = iphoneos;
				SWIFT_ACTIVE_COMPILATION_CONDITIONS = "DEBUG $(inherited)";
				SWIFT_OPTIMIZATION_LEVEL = "-Onone";
			};
			name = Debug;
		};
		342AEA9C2DE0A91500F64F79 /* Release */ = {
			isa = XCBuildConfiguration;
			buildSettings = {
				ALWAYS_SEARCH_USER_PATHS = NO;
				ASSETCATALOG_COMPILER_GENERATE_SWIFT_ASSET_SYMBOL_EXTENSIONS = YES;
				CLANG_ANALYZER_NONNULL = YES;
				CLANG_ANALYZER_NUMBER_OBJECT_CONVERSION = YES_AGGRESSIVE;
				CLANG_CXX_LANGUAGE_STANDARD = "gnu++20";
				CLANG_ENABLE_MODULES = YES;
				CLANG_ENABLE_OBJC_ARC = YES;
				CLANG_ENABLE_OBJC_WEAK = YES;
				CLANG_WARN_BLOCK_CAPTURE_AUTORELEASING = YES;
				CLANG_WARN_BOOL_CONVERSION = YES;
				CLANG_WARN_COMMA = YES;
				CLANG_WARN_CONSTANT_CONVERSION = YES;
				CLANG_WARN_DEPRECATED_OBJC_IMPLEMENTATIONS = YES;
				CLANG_WARN_DIRECT_OBJC_ISA_USAGE = YES_ERROR;
				CLANG_WARN_DOCUMENTATION_COMMENTS = YES;
				CLANG_WARN_EMPTY_BODY = YES;
				CLANG_WARN_ENUM_CONVERSION = YES;
				CLANG_WARN_INFINITE_RECURSION = YES;
				CLANG_WARN_INT_CONVERSION = YES;
				CLANG_WARN_NON_LITERAL_NULL_CONVERSION = YES;
				CLANG_WARN_OBJC_IMPLICIT_RETAIN_SELF = YES;
				CLANG_WARN_OBJC_LITERAL_CONVERSION = YES;
				CLANG_WARN_OBJC_ROOT_CLASS = YES_ERROR;
				CLANG_WARN_QUOTED_INCLUDE_IN_FRAMEWORK_HEADER = YES;
				CLANG_WARN_RANGE_LOOP_ANALYSIS = YES;
				CLANG_WARN_STRICT_PROTOTYPES = YES;
				CLANG_WARN_SUSPICIOUS_MOVE = YES;
				CLANG_WARN_UNGUARDED_AVAILABILITY = YES_AGGRESSIVE;
				CLANG_WARN_UNREACHABLE_CODE = YES;
				CLANG_WARN__DUPLICATE_METHOD_MATCH = YES;
				COPY_PHASE_STRIP = NO;
				DEBUG_INFORMATION_FORMAT = "dwarf-with-dsym";
				ENABLE_NS_ASSERTIONS = NO;
				ENABLE_STRICT_OBJC_MSGSEND = YES;
				ENABLE_USER_SCRIPT_SANDBOXING = YES;
				GCC_C_LANGUAGE_STANDARD = gnu17;
				GCC_NO_COMMON_BLOCKS = YES;
				GCC_WARN_64_TO_32_BIT_CONVERSION = YES;
				GCC_WARN_ABOUT_RETURN_TYPE = YES_ERROR;
				GCC_WARN_UNDECLARED_SELECTOR = YES;
				GCC_WARN_UNINITIALIZED_AUTOS = YES_AGGRESSIVE;
				GCC_WARN_UNUSED_FUNCTION = YES;
				GCC_WARN_UNUSED_VARIABLE = YES;
				IPHONEOS_DEPLOYMENT_TARGET = 17.5;
				LOCALIZATION_PREFERS_STRING_CATALOGS = YES;
				MTL_ENABLE_DEBUG_INFO = NO;
				MTL_FAST_MATH = YES;
				SDKROOT = iphoneos;
				SWIFT_COMPILATION_MODE = wholemodule;
				VALIDATE_PRODUCT = YES;
			};
			name = Release;
		};
		342AEA9E2DE0A91500F64F79 /* Debug */ = {
			isa = XCBuildConfiguration;
			buildSettings = {
				ASSETCATALOG_COMPILER_APPICON_NAME = AppIcon;
				ASSETCATALOG_COMPILER_GLOBAL_ACCENT_COLOR_NAME = AccentColor;
				CODE_SIGN_STYLE = Automatic;
				CURRENT_PROJECT_VERSION = 1;
				DEVELOPMENT_ASSET_PATHS = "\"SuperKahramanSwıftUI/Preview Content\"";
				DEVELOPMENT_TEAM = LCX7GK5VXP;
				ENABLE_PREVIEWS = YES;
				GENERATE_INFOPLIST_FILE = YES;
				INFOPLIST_KEY_UIApplicationSceneManifest_Generation = YES;
				INFOPLIST_KEY_UIApplicationSupportsIndirectInputEvents = YES;
				INFOPLIST_KEY_UILaunchScreen_Generation = YES;
				INFOPLIST_KEY_UISupportedInterfaceOrientations_iPad = "UIInterfaceOrientationPortrait UIInterfaceOrientationPortraitUpsideDown UIInterfaceOrientationLandscapeLeft UIInterfaceOrientationLandscapeRight";
				INFOPLIST_KEY_UISupportedInterfaceOrientations_iPhone = "UIInterfaceOrientationPortrait UIInterfaceOrientationLandscapeLeft UIInterfaceOrientationLandscapeRight";
				LD_RUNPATH_SEARCH_PATHS = (
					"$(inherited)",
					"@executable_path/Frameworks",
				);
				MARKETING_VERSION = 1.0;
				PRODUCT_BUNDLE_IDENTIFIER = "com.metehanolgun.SuperKahramanSw-ftUI";
				PRODUCT_NAME = "$(TARGET_NAME)";
				SWIFT_EMIT_LOC_STRINGS = YES;
				SWIFT_VERSION = 5.0;
				TARGETED_DEVICE_FAMILY = "1,2";
			};
			name = Debug;
		};
		342AEA9F2DE0A91500F64F79 /* Release */ = {
			isa = XCBuildConfiguration;
			buildSettings = {
				ASSETCATALOG_COMPILER_APPICON_NAME = AppIcon;
				ASSETCATALOG_COMPILER_GLOBAL_ACCENT_COLOR_NAME = AccentColor;
				CODE_SIGN_STYLE = Automatic;
				CURRENT_PROJECT_VERSION = 1;
				DEVELOPMENT_ASSET_PATHS = "\"SuperKahramanSwıftUI/Preview Content\"";
				DEVELOPMENT_TEAM = LCX7GK5VXP;
				ENABLE_PREVIEWS = YES;
				GENERATE_INFOPLIST_FILE = YES;
				INFOPLIST_KEY_UIApplicationSceneManifest_Generation = YES;
				INFOPLIST_KEY_UIApplicationSupportsIndirectInputEvents = YES;
				INFOPLIST_KEY_UILaunchScreen_Generation = YES;
				INFOPLIST_KEY_UISupportedInterfaceOrientations_iPad = "UIInterfaceOrientationPortrait UIInterfaceOrientationPortraitUpsideDown UIInterfaceOrientationLandscapeLeft UIInterfaceOrientationLandscapeRight";
				INFOPLIST_KEY_UISupportedInterfaceOrientations_iPhone = "UIInterfaceOrientationPortrait UIInterfaceOrientationLandscapeLeft UIInterfaceOrientationLandscapeRight";
				LD_RUNPATH_SEARCH_PATHS = (
					"$(inherited)",
					"@executable_path/Frameworks",
				);
				MARKETING_VERSION = 1.0;
				PRODUCT_BUNDLE_IDENTIFIER = "com.metehanolgun.SuperKahramanSw-ftUI";
				PRODUCT_NAME = "$(TARGET_NAME)";
				SWIFT_EMIT_LOC_STRINGS = YES;
				SWIFT_VERSION = 5.0;
				TARGETED_DEVICE_FAMILY = "1,2";
			};
			name = Release;
		};
/* End XCBuildConfiguration section */

/* Begin XCConfigurationList section */
		342AEA8A2DE0A91400F64F79 /* Build configuration list for PBXProject "SuperKahramanSwıftUI" */ = {
			isa = XCConfigurationList;
			buildConfigurations = (
				342AEA9B2DE0A91500F64F79 /* Debug */,
				342AEA9C2DE0A91500F64F79 /* Release */,
			);
			defaultConfigurationIsVisible = 0;
			defaultConfigurationName = Release;
		};
		342AEA9D2DE0A91500F64F79 /* Build configuration list for PBXNativeTarget "SuperKahramanSwıftUI" */ = {
			isa = XCConfigurationList;
			buildConfigurations = (
				342AEA9E2DE0A91500F64F79 /* Debug */,
				342AEA9F2DE0A91500F64F79 /* Release */,
			);
			defaultConfigurationIsVisible = 0;
			defaultConfigurationName = Release;
		};
/* End XCConfigurationList section */
	};
	rootObject = 342AEA872DE0A91400F64F79 /* Project object */;
}
